
Microsoft Visual Studio Solution File, Format Version 12.00
# Visual Studio Version 16
VisualStudioVersion = 16.0.29025.244
MinimumVisualStudioVersion = 10.0.40219.1
Project("{FAE04EC0-301F-11D3-BF4B-00C04F79EFBC}") = "AlgorithmsAndDataStructures", "AlgorithmsAndDataStructures\AlgorithmsAndDataStructures.csproj", "{CC64E21C-1C8B-407A-80A3-BE4806507244}"
EndProject
Global
	GlobalSection(SolutionConfigurationPlatforms) = preSolution
		Debug|Any CPU = Debug|Any CPU
		Release|Any CPU = Release|Any CPU
	EndGlobalSection
	GlobalSection(ProjectConfigurationPlatforms) = postSolution
		{CC64E21C-1C8B-407A-80A3-BE4806507244}.Debug|Any CPU.ActiveCfg = Debug|Any CPU
		{CC64E21C-1C8B-407A-80A3-BE4806507244}.Debug|Any CPU.Build.0 = Debug|Any CPU
		{CC64E21C-1C8B-407A-80A3-BE4806507244}.Release|Any CPU.ActiveCfg = Release|Any CPU
		{CC64E21C-1C8B-407A-80A3-BE4806507244}.Release|Any CPU.Build.0 = Release|Any CPU
	EndGlobalSection
	GlobalSection(SolutionProperties) = preSolution
		HideSolutionNode = FALSE
	EndGlobalSection
	GlobalSection(ExtensibilityGlobals) = postSolution
		SolutionGuid = {E162F8BC-AC33-4352-BA93-7CC9B656EC5B}
	EndGlobalSection
EndGlobal
